
Microsoft Visual Studio Solution File, Format Version 12.00
# Visual Studio Version 17
VisualStudioVersion = 17.6.33712.159
MinimumVisualStudioVersion = 10.0.40219.1
Project("{FAE04EC0-301F-11D3-BF4B-00C04F79EFBC}") = "HuinaEbat", "HuinaEbat\HuinaEbat.csproj", "{C49A8F28-F906-4501-A4CC-E1CB830FD8AE}"
EndProject
Project("{FAE04EC0-301F-11D3-BF4B-00C04F79EFBC}") = "WPFapp", "WPFapp\WPFapp.csproj", "{2E3DFF00-5913-4C09-B901-9C93B525BA03}"
EndProject
Global
	GlobalSection(SolutionConfigurationPlatforms) = preSolution
		Debug|Any CPU = Debug|Any CPU
		Release|Any CPU = Release|Any CPU
	EndGlobalSection
	GlobalSection(ProjectConfigurationPlatforms) = postSolution
		{C49A8F28-F906-4501-A4CC-E1CB830FD8AE}.Debug|Any CPU.ActiveCfg = Debug|Any CPU
		{C49A8F28-F906-4501-A4CC-E1CB830FD8AE}.Debug|Any CPU.Build.0 = Debug|Any CPU
		{C49A8F28-F906-4501-A4CC-E1CB830FD8AE}.Release|Any CPU.ActiveCfg = Release|Any CPU
		{C49A8F28-F906-4501-A4CC-E1CB830FD8AE}.Release|Any CPU.Build.0 = Release|Any CPU
		{2E3DFF00-5913-4C09-B901-9C93B525BA03}.Debug|Any CPU.ActiveCfg = Debug|Any CPU
		{2E3DFF00-5913-4C09-B901-9C93B525BA03}.Debug|Any CPU.Build.0 = Debug|Any CPU
		{2E3DFF00-5913-4C09-B901-9C93B525BA03}.Release|Any CPU.ActiveCfg = Release|Any CPU
		{2E3DFF00-5913-4C09-B901-9C93B525BA03}.Release|Any CPU.Build.0 = Release|Any CPU
	EndGlobalSection
	GlobalSection(SolutionProperties) = preSolution
		HideSolutionNode = FALSE
	EndGlobalSection
	GlobalSection(ExtensibilityGlobals) = postSolution
		SolutionGuid = {D26954BD-994C-44C6-B2F8-09A6F87463AE}
	EndGlobalSection
EndGlobal
